version = 1
revision = 3
requires-python = ">=3.12"

[[package]]
name = "colorama"
version = "0.4.6"
source = { registry = "https://pypi.org/simple" }
sdist = { url = "https://files.pythonhosted.org/packages/d8/53/6f443c9a4a8358a93a6792e2acffb9d9d5cb0a5cfd8802644b7b1c9a02e4/colorama-0.4.6.tar.gz", hash = "sha256:08695f5cb7ed6e0531a20572697297273c47b8cae5a63ffc6d6ed5c201be6e44", size = 27697, upload-time = "2022-10-25T02:36:22.414Z" }
wheels = [
    { url = "https://files.pythonhosted.org/packages/d1/d6/3965ed04c63042e047cb6a3e6ed1a63a35087b6a609aa3a15ed8ac56c221/colorama-0.4.6-py2.py3-none-any.whl", hash = "sha256:4f1d9991f5acc0ca119f9d443620b77f9d6b33703e51011c16baf57afb285fc6", size = 25335, upload-time = "2022-10-25T02:36:20.889Z" },
]

[[package]]
name = "iniconfig"
version = "2.0.0"
source = { registry = "https://pypi.org/simple" }
sdist = { url = "https://files.pythonhosted.org/packages/d7/4b/cbd8e699e64a6f16ca3a8220661b5f83792b3017d0f79807cb8708d33913/iniconfig-2.0.0.tar.gz", hash = "sha256:2d91e135bf72d31a410b17c16da610a82cb55f6b0477d1a902134b24a455b8b3", size = 4646, upload-time = "2023-01-07T11:08:11.254Z" }
wheels = [
    { url = "https://files.pythonhosted.org/packages/ef/a6/62565a6e1cf69e10f5727360368e451d4b7f58beeac6173dc9db836a5b46/iniconfig-2.0.0-py3-none-any.whl", hash = "sha256:b6a85871a79d2e3b22d2d1b94ac2824226a63c6b741c88f7ae975f18b6778374", size = 5892, upload-time = "2023-01-07T11:08:09.864Z" },
]

[[package]]
name = "numpy"
version = "2.4.3"
source = { registry = "https://pypi.org/simple" }
sdist = { url = "https://files.pythonhosted.org/packages/10/8b/c265f4823726ab832de836cdd184d0986dcf94480f81e8739692a7ac7af2/numpy-2.4.3.tar.gz", hash = "sha256:483a201202b73495f00dbc83796c6ae63137a9bdade074f7648b3e32613412dd", size = 20727743, upload-time = "2026-03-09T07:58:53.426Z" }
wheels = [
    { url = "https://files.pythonhosted.org/packages/a9/ed/6388632536f9788cea23a3a1b629f25b43eaacd7d7377e5d6bc7b9deb69b/numpy-2.4.3-cp312-cp312-macosx_10_13_x86_64.whl", hash = "sha256:61b0cbabbb6126c8df63b9a3a0c4b1f44ebca5e12ff6997b80fcf267fb3150ef", size = 16669628, upload-time = "2026-03-09T07:56:24.252Z" },
    { url = "https://files.pythonhosted.org/packages/74/1b/ee2abfc68e1ce728b2958b6ba831d65c62e1b13ce3017c13943f8f9b5b2e/numpy-2.4.3-cp312-cp312-macosx_11_0_arm64.whl", hash = "sha256:7395e69ff32526710748f92cd8c9849b361830968ea3e24a676f272653e8983e", size = 14696872, upload-time = "2026-03-09T07:56:26.991Z" },
    { url = "https://files.pythonhosted.org/packages/ba/d1/780400e915ff5638166f11ca9dc2c5815189f3d7cf6f8759a1685e586413/numpy-2.4.3-cp312-cp312-macosx_14_0_arm64.whl", hash = "sha256:abdce0f71dcb4a00e4e77f3faf05e4616ceccfe72ccaa07f47ee79cda3b7b0f4", size = 5203489, upload-time = "2026-03-09T07:56:29.414Z" },
    { url = "https://files.pythonhosted.org/packages/0b/bb/baffa907e9da4cc34a6e556d6d90e032f6d7a75ea47968ea92b4858826c4/numpy-2.4.3-cp312-cp312-macosx_14_0_x86_64.whl", hash = "sha256:48da3a4ee1336454b07497ff7ec83903efa5505792c4e6d9bf83d99dc07a1e18", size = 6550814, upload-time = "2026-03-09T07:56:32.225Z" },
    { url = "https://files.pythonhosted.org/packages/7b/12/8c9f0c6c95f76aeb20fc4a699c33e9f827fa0d0f857747c73bb7b17af945/numpy-2.4.3-cp312-cp312-manylinux_2_27_aarch64.manylinux_2_28_aarch64.whl", hash = "sha256:32e3bef222ad6b052280311d1d60db8e259e4947052c3ae7dd6817451fc8a4c5", size = 15666601, upload-time = "2026-03-09T07:56:34.461Z" },
    { url = "https://files.pythonhosted.org/packages/bd/79/cc665495e4d57d0aa6fbcc0aa57aa82671dfc78fbf95fe733ed86d98f52a/numpy-2.4.3-cp312-cp312-manylinux_2_27_x86_64.manylinux_2_28_x86_64.whl", hash = "sha256:e7dd01a46700b1967487141a66ac1a3cf0dd8ebf1f08db37d46389401512ca97", size = 16621358, upload-time = "2026-03-09T07:56:36.852Z" },
    { url = "https://files.pythonhosted.org/packages/a8/40/b4ecb7224af1065c3539f5ecfff879d090de09608ad1008f02c05c770cb3/numpy-2.4.3-cp312-cp312-musllinux_1_2_aarch64.whl", hash = "sha256:76f0f283506c28b12bba319c0fab98217e9f9b54e6160e9c79e9f7348ba32e9c", size = 17016135, upload-time = "2026-03-09T07:56:39.337Z" },
    { url = "https://files.pythonhosted.org/packages/f7/b1/6a88e888052eed951afed7a142dcdf3b149a030ca59b4c71eef085858e43/numpy-2.4.3-cp312-cp312-musllinux_1_2_x86_64.whl", hash = "sha256:737f630a337364665aba3b5a77e56a68cc42d350edd010c345d65a3efa3addcc", size = 18345816, upload-time = "2026-03-09T07:56:42.31Z" },
    { url = "https://files.pythonhosted.org/packages/f3/8f/103a60c5f8c3d7fc678c19cd7b2476110da689ccb80bc18050efbaeae183/numpy-2.4.3-cp312-cp312-win32.whl", hash = "sha256:26952e18d82a1dbbc2f008d402021baa8d6fc8e84347a2072a25e08b46d698b9", size = 5960132, upload-time = "2026-03-09T07:56:44.851Z" },
    { url = "https://files.pythonhosted.org/packages/d7/7c/f5ee1bf6ed888494978046a809df2882aad35d414b622893322df7286879/numpy-2.4.3-cp312-cp312-win_amd64.whl", hash = "sha256:65f3c2455188f09678355f5cae1f959a06b778bc66d535da07bf2ef20cd319d5", size = 12316144, upload-time = "2026-03-09T07:56:47.057Z" },
    { url = "https://files.pythonhosted.org/packages/71/46/8d1cb3f7a00f2fb6394140e7e6623696e54c6318a9d9691bb4904672cf42/numpy-2.4.3-cp312-cp312-win_arm64.whl", hash = "sha256:2abad5c7fef172b3377502bde47892439bae394a71bc329f31df0fd829b41a9e", size = 10220364, upload-time = "2026-03-09T07:56:49.849Z" },
    { url = "https://files.pythonhosted.org/packages/b6/d0/1fe47a98ce0df229238b77611340aff92d52691bcbc10583303181abf7fc/numpy-2.4.3-cp313-cp313-macosx_10_13_x86_64.whl", hash = "sha256:b346845443716c8e542d54112966383b448f4a3ba5c66409771b8c0889485dd3", size = 16665297, upload-time = "2026-03-09T07:56:52.296Z" },
    { url = "https://files.pythonhosted.org/packages/27/d9/4e7c3f0e68dfa91f21c6fb6cf839bc829ec920688b1ce7ec722b1a6202fb/numpy-2.4.3-cp313-cp313-macosx_11_0_arm64.whl", hash = "sha256:2629289168f4897a3c4e23dc98d6f1731f0fc0fe52fb9db19f974041e4cc12b9", size = 14691853, upload-time = "2026-03-09T07:56:54.992Z" },
    { url = "https://files.pythonhosted.org/packages/3a/66/bd096b13a87549683812b53ab211e6d413497f84e794fb3c39191948da97/numpy-2.4.3-cp313-cp313-macosx_14_0_arm64.whl", hash = "sha256:bb2e3cf95854233799013779216c57e153c1ee67a0bf92138acca0e429aefaee", size = 5198435, upload-time = "2026-03-09T07:56:57.184Z" },
    { url = "https://files.pythonhosted.org/packages/a2/2f/687722910b5a5601de2135c891108f51dfc873d8e43c8ed9f4ebb440b4a2/numpy-2.4.3-cp313-cp313-macosx_14_0_x86_64.whl", hash = "sha256:7f3408ff897f8ab07a07fbe2823d7aee6ff644c097cc1f90382511fe982f647f", size = 6546347, upload-time = "2026-03-09T07:56:59.531Z" },
    { url = "https://files.pythonhosted.org/packages/bf/ec/7971c4e98d86c564750393fab8d7d83d0a9432a9d78bb8a163a6dc59967a/numpy-2.4.3-cp313-cp313-manylinux_2_27_aarch64.manylinux_2_28_aarch64.whl", hash = "sha256:decb0eb8a53c3b009b0962378065589685d66b23467ef5dac16cbe818afde27f", size = 15664626, upload-time = "2026-03-09T07:57:01.385Z" },
    { url = "https://files.pythonhosted.org/packages/7e/eb/7daecbea84ec935b7fc732e18f532073064a3816f0932a40a17f3349185f/numpy-2.4.3-cp313-cp313-manylinux_2_27_x86_64.manylinux_2_28_x86_64.whl", hash = "sha256:d5f51900414fc9204a0e0da158ba2ac52b75656e7dce7e77fb9f84bfa343b4cc", size = 16608916, upload-time = "2026-03-09T07:57:04.008Z" },
    { url = "https://files.pythonhosted.org/packages/df/58/2a2b4a817ffd7472dca4421d9f0776898b364154e30c95f42195041dc03b/numpy-2.4.3-cp313-cp313-musllinux_1_2_aarch64.whl", hash = "sha256:6bd06731541f89cdc01b261ba2c9e037f1543df7472517836b78dfb15bd6e476", size = 17015824, upload-time = "2026-03-09T07:57:06.347Z" },
    { url = "https://files.pythonhosted.org/packages/4a/ca/627a828d44e78a418c55f82dd4caea8ea4a8ef24e5144d9e71016e52fb40/numpy-2.4.3-cp313-cp313-musllinux_1_2_x86_64.whl", hash = "sha256:22654fe6be0e5206f553a9250762c653d3698e46686eee53b399ab90da59bd92", size = 18334581, upload-time = "2026-03-09T07:57:09.114Z" },
    { url = "https://files.pythonhosted.org/packages/cd/c0/76f93962fc79955fcba30a429b62304332345f22d4daec1cb33653425643/numpy-2.4.3-cp313-cp313-win32.whl", hash = "sha256:d71e379452a2f670ccb689ec801b1218cd3983e253105d6e83780967e899d687", size = 5958618, upload-time = "2026-03-09T07:57:11.432Z" },
    { url = "https://files.pythonhosted.org/packages/b1/3c/88af0040119209b9b5cb59485fa48b76f372c73068dbf9254784b975ac53/numpy-2.4.3-cp313-cp313-win_amd64.whl", hash = "sha256:0a60e17a14d640f49146cb38e3f105f571318db7826d9b6fef7e4dce758faecd", size = 12312824, upload-time = "2026-03-09T07:57:13.586Z" },
    { url = "https://files.pythonhosted.org/packages/58/ce/3d07743aced3d173f877c3ef6a454c2174ba42b584ab0b7e6d99374f51ed/numpy-2.4.3-cp313-cp313-win_arm64.whl", hash = "sha256:c9619741e9da2059cd9c3f206110b97583c7152c1dc9f8aafd4beb450ac1c89d", size = 10221218, upload-time = "2026-03-09T07:57:16.183Z" },
    { url = "https://files.pythonhosted.org/packages/62/09/d96b02a91d09e9d97862f4fc8bfebf5400f567d8eb1fe4b0cc4795679c15/numpy-2.4.3-cp313-cp313t-macosx_11_0_arm64.whl", hash = "sha256:7aa4e54f6469300ebca1d9eb80acd5253cdfa36f2c03d79a35883687da430875", size = 14819570, upload-time = "2026-03-09T07:57:18.564Z" },
    { url = "https://files.pythonhosted.org/packages/b5/ca/0b1aba3905fdfa3373d523b2b15b19029f4f3031c87f4066bd9d20ef6c6b/numpy-2.4.3-cp313-cp313t-macosx_14_0_arm64.whl", hash = "sha256:d1b90d840b25874cf5cd20c219af10bac3667db3876d9a495609273ebe679070", size = 5326113, upload-time = "2026-03-09T07:57:21.052Z" },
    { url = "https://files.pythonhosted.org/packages/c0/63/406e0fd32fcaeb94180fd6a4c41e55736d676c54346b7efbce548b94a914/numpy-2.4.3-cp313-cp313t-macosx_14_0_x86_64.whl", hash = "sha256:a749547700de0a20a6718293396ec237bb38218049cfce788e08fcb716e8cf73", size = 6646370, upload-time = "2026-03-09T07:57:22.804Z" },
    { url = "https://files.pythonhosted.org/packages/b6/d0/10f7dc157d4b37af92720a196be6f54f889e90dcd30dce9dc657ed92c257/numpy-2.4.3-cp313-cp313t-manylinux_2_27_aarch64.manylinux_2_28_aarch64.whl", hash = "sha256:94f3c4a151a2e529adf49c1d54f0f57ff8f9b233ee4d44af623a81553ab86368", size = 15723499, upload-time = "2026-03-09T07:57:24.693Z" },
    { url = "https://files.pythonhosted.org/packages/66/f1/d1c2bf1161396629701bc284d958dc1efa3a5a542aab83cf11ee6eb4cba5/numpy-2.4.3-cp313-cp313t-manylinux_2_27_x86_64.manylinux_2_28_x86_64.whl", hash = "sha256:22c31dc07025123aedf7f2db9e91783df13f1776dc52c6b22c620870dc0fab22", size = 16657164, upload-time = "2026-03-09T07:57:27.676Z" },
    { url = "https://files.pythonhosted.org/packages/1a/be/cca19230b740af199ac47331a21c71e7a3d0ba59661350483c1600d28c37/numpy-2.4.3-cp313-cp313t-musllinux_1_2_aarch64.whl", hash = "sha256:148d59127ac95979d6f07e4d460f934ebdd6eed641db9c0db6c73026f2b2101a", size = 17081544, upload-time = "2026-03-09T07:57:30.664Z" },
    { url = "https://files.pythonhosted.org/packages/b9/c5/9602b0cbb703a0936fb40f8a95407e8171935b15846de2f0776e08af04c7/numpy-2.4.3-cp313-cp313t-musllinux_1_2_x86_64.whl", hash = "sha256:a97cbf7e905c435865c2d939af3d93f99d18eaaa3cabe4256f4304fb51604349", size = 18380290, upload-time = "2026-03-09T07:57:33.763Z" },
    { url = "https://files.pythonhosted.org/packages/ed/81/9f24708953cd30be9ee36ec4778f4b112b45165812f2ada4cc5ea1c1f254/numpy-2.4.3-cp313-cp313t-win32.whl", hash = "sha256:be3b8487d725a77acccc9924f65fd8bce9af7fac8c9820df1049424a2115af6c", size = 6082814, upload-time = "2026-03-09T07:57:36.491Z" },
    { url = "https://files.pythonhosted.org/packages/e2/9e/52f6eaa13e1a799f0ab79066c17f7016a4a8ae0c1aefa58c82b4dab690b4/numpy-2.4.3-cp313-cp313t-win_amd64.whl", hash = "sha256:1ec84fd7c8e652b0f4aaaf2e6e9cc8eaa9b1b80a537e06b2e3a2fb176eedcb26", size = 12452673, upload-time = "2026-03-09T07:57:38.281Z" },
    { url = "https://files.pythonhosted.org/packages/c4/04/b8cece6ead0b30c9fbd99bb835ad7ea0112ac5f39f069788c5558e3b1ab2/numpy-2.4.3-cp313-cp313t-win_arm64.whl", hash = "sha256:120df8c0a81ebbf5b9020c91439fccd85f5e018a927a39f624845be194a2be02", size = 10290907, upload-time = "2026-03-09T07:57:40.747Z" },
    { url = "https://files.pythonhosted.org/packages/70/ae/3936f79adebf8caf81bd7a599b90a561334a658be4dcc7b6329ebf4ee8de/numpy-2.4.3-cp314-cp314-macosx_10_15_x86_64.whl", hash = "sha256:5884ce5c7acfae1e4e1b6fde43797d10aa506074d25b531b4f54bde33c0c31d4", size = 16664563, upload-time = "2026-03-09T07:57:43.817Z" },
    { url = "https://files.pythonhosted.org/packages/9b/62/760f2b55866b496bb1fa7da2a6db076bef908110e568b02fcfc1422e2a3a/numpy-2.4.3-cp314-cp314-macosx_11_0_arm64.whl", hash = "sha256:297837823f5bc572c5f9379b0c9f3a3365f08492cbdc33bcc3af174372ebb168", size = 14702161, upload-time = "2026-03-09T07:57:46.169Z" },
    { url = "https://files.pythonhosted.org/packages/32/af/a7a39464e2c0a21526fb4fb76e346fb172ebc92f6d1c7a07c2c139cc17b1/numpy-2.4.3-cp314-cp314-macosx_14_0_arm64.whl", hash = "sha256:a111698b4a3f8dcbe54c64a7708f049355abd603e619013c346553c1fd4ca90b", size = 5208738, upload-time = "2026-03-09T07:57:48.506Z" },
    { url = "https://files.pythonhosted.org/packages/29/8c/2a0cf86a59558fa078d83805589c2de490f29ed4fb336c14313a161d358a/numpy-2.4.3-cp314-cp314-macosx_14_0_x86_64.whl", hash = "sha256:4bd4741a6a676770e0e97fe9ab2e51de01183df3dcbcec591d26d331a40de950", size = 6543618, upload-time = "2026-03-09T07:57:50.591Z" },
    { url = "https://files.pythonhosted.org/packages/aa/b8/612ce010c0728b1c363fa4ea3aa4c22fe1c5da1de008486f8c2f5cb92fae/numpy-2.4.3-cp314-cp314-manylinux_2_27_aarch64.manylinux_2_28_aarch64.whl", hash = "sha256:54f29b877279d51e210e0c80709ee14ccbbad647810e8f3d375561c45ef613dd", size = 15680676, upload-time = "2026-03-09T07:57:52.34Z" },
    { url = "https://files.pythonhosted.org/packages/a9/7e/4f120ecc54ba26ddf3dc348eeb9eb063f421de65c05fc961941798feea18/numpy-2.4.3-cp314-cp314-manylinux_2_27_x86_64.manylinux_2_28_x86_64.whl", hash = "sha256:679f2a834bae9020f81534671c56fd0cc76dd7e5182f57131478e23d0dc59e24", size = 16613492, upload-time = "2026-03-09T07:57:54.91Z" },
    { url = "https://files.pythonhosted.org/packages/2c/86/1b6020db73be330c4b45d5c6ee4295d59cfeef0e3ea323959d053e5a6909/numpy-2.4.3-cp314-cp314-musllinux_1_2_aarch64.whl", hash = "sha256:d84f0f881cb2225c2dfd7f78a10a5645d487a496c6668d6cc39f0f114164f3d0", size = 17031789, upload-time = "2026-03-09T07:57:57.641Z" },
    { url = "https://files.pythonhosted.org/packages/07/3a/3b90463bf41ebc21d1b7e06079f03070334374208c0f9a1f05e4ae8455e7/numpy-2.4.3-cp314-cp314-musllinux_1_2_x86_64.whl", hash = "sha256:d213c7e6e8d211888cc359bab7199670a00f5b82c0978b9d1c75baf1eddbeac0", size = 18339941, upload-time = "2026-03-09T07:58:00.577Z" },
    { url = "https://files.pythonhosted.org/packages/a8/74/6d736c4cd962259fd8bae9be27363eb4883a2f9069763747347544c2a487/numpy-2.4.3-cp314-cp314-win32.whl", hash = "sha256:52077feedeff7c76ed7c9f1a0428558e50825347b7545bbb8523da2cd55c547a", size = 6007503, upload-time = "2026-03-09T07:58:03.331Z" },
    { url = "https://files.pythonhosted.org/packages/48/39/c56ef87af669364356bb011922ef0734fc49dad51964568634c72a009488/numpy-2.4.3-cp314-cp314-win_amd64.whl", hash = "sha256:0448e7f9caefb34b4b7dd2b77f21e8906e5d6f0365ad525f9f4f530b13df2afc", size = 12444915, upload-time = "2026-03-09T07:58:06.353Z" },
    { url = "https://files.pythonhosted.org/packages/9d/1f/ab8528e38d295fd349310807496fabb7cf9fe2e1f70b97bc20a483ea9d4a/numpy-2.4.3-cp314-cp314-win_arm64.whl", hash = "sha256:b44fd60341c4d9783039598efadd03617fa28d041fc37d22b62d08f2027fa0e7", size = 10494875, upload-time = "2026-03-09T07:58:08.734Z" },
    { url = "https://files.pythonhosted.org/packages/e6/ef/b7c35e4d5ef141b836658ab21a66d1a573e15b335b1d111d31f26c8ef80f/numpy-2.4.3-cp314-cp314t-macosx_11_0_arm64.whl", hash = "sha256:0a195f4216be9305a73c0e91c9b026a35f2161237cf1c6de9b681637772ea657", size = 14822225, upload-time = "2026-03-09T07:58:11.034Z" },
    { url = "https://files.pythonhosted.org/packages/cd/8d/7730fa9278cf6648639946cc816e7cc89f0d891602584697923375f801ed/numpy-2.4.3-cp314-cp314t-macosx_14_0_arm64.whl", hash = "sha256:cd32fbacb9fd1bf041bf8e89e4576b6f00b895f06d00914820ae06a616bdfef7", size = 5328769, upload-time = "2026-03-09T07:58:13.67Z" },
    { url = "https://files.pythonhosted.org/packages/47/01/d2a137317c958b074d338807c1b6a383406cdf8b8e53b075d804cc3d211d/numpy-2.4.3-cp314-cp314t-macosx_14_0_x86_64.whl", hash = "sha256:2e03c05abaee1f672e9d67bc858f300b5ccba1c21397211e8d77d98350972093", size = 6649461, upload-time = "2026-03-09T07:58:15.912Z" },
    { url = "https://files.pythonhosted.org/packages/5c/34/812ce12bc0f00272a4b0ec0d713cd237cb390666eb6206323d1cc9cedbb2/numpy-2.4.3-cp314-cp314t-manylinux_2_27_aarch64.manylinux_2_28_aarch64.whl", hash = "sha256:7d1ce23cce91fcea443320a9d0ece9b9305d4368875bab09538f7a5b4131938a", size = 15725809, upload-time = "2026-03-09T07:58:17.787Z" },
    { url = "https://files.pythonhosted.org/packages/25/c0/2aed473a4823e905e765fee3dc2cbf504bd3e68ccb1150fbdabd5c39f527/numpy-2.4.3-cp314-cp314t-manylinux_2_27_x86_64.manylinux_2_28_x86_64.whl", hash = "sha256:c59020932feb24ed49ffd03704fbab89f22aa9c0d4b180ff45542fe8918f5611", size = 16655242, upload-time = "2026-03-09T07:58:20.476Z" },
    { url = "https://files.pythonhosted.org/packages/f2/c8/7e052b2fc87aa0e86de23f20e2c42bd261c624748aa8efd2c78f7bb8d8c6/numpy-2.4.3-cp314-cp314t-musllinux_1_2_aarch64.whl", hash = "sha256:9684823a78a6cd6ad7511fc5e25b07947d1d5b5e2812c93fe99d7d4195130720", size = 17080660, upload-time = "2026-03-09T07:58:23.067Z" },
    { url = "https://files.pythonhosted.org/packages/f3/3d/0876746044db2adcb11549f214d104f2e1be00f07a67edbb4e2812094847/numpy-2.4.3-cp314-cp314t-musllinux_1_2_x86_64.whl", hash = "sha256:0200b25c687033316fb39f0ff4e3e690e8957a2c3c8d22499891ec58c37a3eb5", size = 18380384, upload-time = "2026-03-09T07:58:25.839Z" },
    { url = "https://files.pythonhosted.org/packages/07/12/8160bea39da3335737b10308df4f484235fd297f556745f13092aa039d3b/numpy-2.4.3-cp314-cp314t-win32.whl", hash = "sha256:5e10da9e93247e554bb1d22f8edc51847ddd7dde52d85ce31024c1b4312bfba0", size = 6154547, upload-time = "2026-03-09T07:58:28.289Z" },
    { url = "https://files.pythonhosted.org/packages/42/f3/76534f61f80d74cc9cdf2e570d3d4eeb92c2280a27c39b0aaf471eda7b48/numpy-2.4.3-cp314-cp314t-win_amd64.whl", hash = "sha256:45f003dbdffb997a03da2d1d0cb41fbd24a87507fb41605c0420a3db5bd4667b", size = 12633645, upload-time = "2026-03-09T07:58:30.384Z" },
    { url = "https://files.pythonhosted.org/packages/1f/b6/7c0d4334c15983cec7f92a69e8ce9b1e6f31857e5ee3a413ac424e6bd63d/numpy-2.4.3-cp314-cp314t-win_arm64.whl", hash = "sha256:4d382735cecd7bcf090172489a525cd7d4087bc331f7df9f60ddc9a296cf208e", size = 10565454, upload-time = "2026-03-09T07:58:33.031Z" },
]

[[package]]
name = "packaging"
version = "24.2"
source = { registry = "https://pypi.org/simple" }
sdist = { url = "https://files.pythonhosted.org/packages/d0/63/68dbb6eb2de9cb10ee4c9c14a0148804425e13c4fb20d61cce69f53106da/packaging-24.2.tar.gz", hash = "sha256:c228a6dc5e932d346bc5739379109d49e8853dd8223571c7c5b55260edc0b97f", size = 163950, upload-time = "2024-11-08T09:47:47.202Z" }
wheels = [
    { url = "https://files.pythonhosted.org/packages/88/ef/eb23f262cca3c0c4eb7ab1933c3b1f03d021f2c48f54763065b6f0e321be/packaging-24.2-py3-none-any.whl", hash = "sha256:09abb1bccd265c01f4a3aa3f7a7db064b36514d2cba19a2f694fe6150451a759", size = 65451, upload-time = "2024-11-08T09:47:44.722Z" },
]

[[package]]
name = "pluggy"
version = "1.5.0"
source = { registry = "https://pypi.org/simple" }
sdist = { url = "https://files.pythonhosted.org/packages/96/2d/02d4312c973c6050a18b314a5ad0b3210edb65a906f868e31c111dede4a6/pluggy-1.5.0.tar.gz", hash = "sha256:2cffa88e94fdc978c4c574f15f9e59b7f4201d439195c3715ca9e2486f1d0cf1", size = 67955, upload-time = "2024-04-20T21:34:42.531Z" }
wheels = [
    { url = "https://files.pythonhosted.org/packages/88/5f/e351af9a41f866ac3f1fac4ca0613908d9a41741cfcf2228f4ad853b697d/pluggy-1.5.0-py3-none-any.whl", hash = "sha256:44e1ad92c8ca002de6377e165f3e0f1be63266ab4d554740532335b9d75ea669", size = 20556, upload-time = "2024-04-20T21:34:40.434Z" },
]

[[package]]
name = "pytest"
version = "8.3.3"
source = { registry = "https://pypi.org/simple" }
dependencies = [
    { name = "colorama", marker = "sys_platform == 'win32'" },
    { name = "iniconfig" },
    { name = "packaging" },
    { name = "pluggy" },
]
sdist = { url = "https://files.pythonhosted.org/packages/8b/6c/62bbd536103af674e227c41a8f3dcd022d591f6eed5facb5a0f31ee33bbc/pytest-8.3.3.tar.gz", hash = "sha256:70b98107bd648308a7952b06e6ca9a50bc660be218d53c257cc1fc94fda10181", size = 1442487, upload-time = "2024-09-10T10:52:15.003Z" }
wheels = [
    { url = "https://files.pythonhosted.org/packages/6b/77/7440a06a8ead44c7757a64362dd22df5760f9b12dc5f11b6188cd2fc27a0/pytest-8.3.3-py3-none-any.whl", hash = "sha256:a6853c7375b2663155079443d2e45de913a911a11d669df02a50814944db57b2", size = 342341, upload-time = "2024-09-10T10:52:12.54Z" },
]

[[package]]
name = "syrupy"
version = "4.7.2"
source = { registry = "https://pypi.org/simple" }
dependencies = [
    { name = "pytest" },
]
sdist = { url = "https://files.pythonhosted.org/packages/67/81/f46d234fa4ca0edcdeed973bab9acd8f8ac186537cdc850e9e84a00f61a0/syrupy-4.7.2.tar.gz", hash = "sha256:ea45e099f242de1bb53018c238f408a5bb6c82007bc687aefcbeaa0e1c2e935a", size = 49320, upload-time = "2024-10-06T01:32:15.939Z" }
wheels = [
    { url = "https://files.pythonhosted.org/packages/b9/75/57b629fdd256efc58fb045618d603ce0b0f5fcc477f34b758e34423efb99/syrupy-4.7.2-py3-none-any.whl", hash = "sha256:eae7ba6be5aed190237caa93be288e97ca1eec5ca58760e4818972a10c4acc64", size = 49234, upload-time = "2024-10-06T01:32:14.229Z" },
]

[[package]]
name = "tests"
version = "0.1.0"
source = { virtual = "." }
dependencies = [
    { name = "numpy" },
    { name = "pytest" },
    { name = "syrupy" },
]

[package.metadata]
requires-dist = [
    { name = "numpy" },
    { name = "pytest" },
    { name = "syrupy" },
]
