github.com/asg017/sqlite-vec-go-bindings v0.0.1-alpha.36 h1:FMGkKAA7nZL8gr/dvIx1uc54J3v2gbLVa+mLqZDCvjk=
github.com/asg017/sqlite-vec-go-bindings v0.0.1-alpha.36/go.mod h1:A8+cTt/nKFsYCQF6OgzSNpKZrzNo5gQsXBTfsXHXY0Q=
github.com/asg017/sqlite-vec/bindings/go/cgo v0.0.0-20240511043328-3d763f499859 h1:6jeFy/tSnyNJUrTHoIaFTYkjrHtwVAojvCGkr9G8d4o=
github.com/asg017/sqlite-vec/bindings/go/cgo v0.0.0-20240511043328-3d763f499859/go.mod h1:Go89G54PaautWRwxvAa1fmKeYoSuUyIvSYpvlfXQaNU=
github.com/mattn/go-sqlite3 v1.14.22 h1:2gZY6PC6kBnID23Tichd1K+Z0oS6nE/XwU+Vz/5o4kU=
github.com/mattn/go-sqlite3 v1.14.22/go.mod h1:Uh1q+B4BYcTPb+yiD3kU8Ct7aC0hY9fxUwlHK0RXw+Y=
