PODS:
  - FlutterMacOS (1.0.0)
  - path_provider_foundation (0.0.1):
    - Flutter
    - FlutterMacOS
  - "sqlite3 (3.46.0+1)":
    - "sqlite3/common (= 3.46.0+1)"
  - "sqlite3/common (3.46.0+1)"
  - "sqlite3/dbstatvtab (3.46.0+1)":
    - sqlite3/common
  - "sqlite3/fts5 (3.46.0+1)":
    - sqlite3/common
  - "sqlite3/perf-threadsafe (3.46.0+1)":
    - sqlite3/common
  - "sqlite3/rtree (3.46.0+1)":
    - sqlite3/common
  - sqlite3_flutter_libs (0.0.1):
    - FlutterMacOS
    - "sqlite3 (~> 3.46.0+1)"
    - sqlite3/dbstatvtab
    - sqlite3/fts5
    - sqlite3/perf-threadsafe
    - sqlite3/rtree
  - sqlite_vec (0.0.1):
    - FlutterMacOS

DEPENDENCIES:
  - FlutterMacOS (from `Flutter/ephemeral`)
  - path_provider_foundation (from `Flutter/ephemeral/.symlinks/plugins/path_provider_foundation/darwin`)
  - sqlite3_flutter_libs (from `Flutter/ephemeral/.symlinks/plugins/sqlite3_flutter_libs/macos`)
  - sqlite_vec (from `Flutter/ephemeral/.symlinks/plugins/sqlite_vec/macos`)

SPEC REPOS:
  trunk:
    - sqlite3

EXTERNAL SOURCES:
  FlutterMacOS:
    :path: Flutter/ephemeral
  path_provider_foundation:
    :path: Flutter/ephemeral/.symlinks/plugins/path_provider_foundation/darwin
  sqlite3_flutter_libs:
    :path: Flutter/ephemeral/.symlinks/plugins/sqlite3_flutter_libs/macos
  sqlite_vec:
    :path: Flutter/ephemeral/.symlinks/plugins/sqlite_vec/macos

SPEC CHECKSUMS:
  FlutterMacOS: 8f6f14fa908a6fb3fba0cd85dbd81ec4b251fb24
  path_provider_foundation: 2b6b4c569c0fb62ec74538f866245ac84301af46
  sqlite3: 292c3e1bfe89f64e51ea7fc7dab9182a017c8630
  sqlite3_flutter_libs: 5ca46c1a04eddfbeeb5b16566164aa7ad1616e7b
  sqlite_vec: 408317503e95412ea408c4abe4cdc0cf872f1b7d

PODFILE CHECKSUM: 236401fc2c932af29a9fcf0e97baeeb2d750d367

COCOAPODS: 1.15.2
